
Microsoft Visual Studio Solution File, Format Version 12.00
# Visual Studio 15
VisualStudioVersion = 15.0.26403.0
MinimumVisualStudioVersion = 10.0.40219.1
Project("{8BC9CEB8-8B4A-11D0-8D11-00A0C91BC942}") = "danklogger", "danklogger.vcxproj", "{46FCDD3B-3176-4BF8-9DE6-E34AE3039128}"
EndProject
Project("{2150E333-8FDC-42A3-9474-1A3956D46DE8}") = "Solution Items", "Solution Items", "{72F718A3-68A1-470C-9713-BBD55AF9E9C6}"
EndProject
Global
	GlobalSection(SolutionConfigurationPlatforms) = preSolution
		Debug|x64 = Debug|x64
		Debug|x86 = Debug|x86
		Release|x64 = Release|x64
		Release|x86 = Release|x86
	EndGlobalSection
	GlobalSection(ProjectConfigurationPlatforms) = postSolution
		{46FCDD3B-3176-4BF8-9DE6-E34AE3039128}.Debug|x64.ActiveCfg = Debug|x64
		{46FCDD3B-3176-4BF8-9DE6-E34AE3039128}.Debug|x64.Build.0 = Debug|x64
		{46FCDD3B-3176-4BF8-9DE6-E34AE3039128}.Debug|x86.ActiveCfg = Debug|Win32
		{46FCDD3B-3176-4BF8-9DE6-E34AE3039128}.Debug|x86.Build.0 = Debug|Win32
		{46FCDD3B-3176-4BF8-9DE6-E34AE3039128}.Release|x64.ActiveCfg = Release|x64
		{46FCDD3B-3176-4BF8-9DE6-E34AE3039128}.Release|x64.Build.0 = Release|x64
		{46FCDD3B-3176-4BF8-9DE6-E34AE3039128}.Release|x86.ActiveCfg = Release|Win32
		{46FCDD3B-3176-4BF8-9DE6-E34AE3039128}.Release|x86.Build.0 = Release|Win32
	EndGlobalSection
	GlobalSection(SolutionProperties) = preSolution
		HideSolutionNode = FALSE
	EndGlobalSection
EndGlobal
